
Microsoft Visual Studio Solution File, Format Version 12.00
# Visual Studio 15
Project("{FAE04EC0-301F-11D3-BF4B-00C04F79EFBC}") = "Assembly-CSharp", "Assembly-CSharp.csproj", "{88E568BB-B2A9-BF0B-2443-5858DA3EACA8}"
EndProject
Project("{FAE04EC0-301F-11D3-BF4B-00C04F79EFBC}") = "Assembly-CSharp-firstpass", "Assembly-CSharp-firstpass.csproj", "{06DEEF9C-5013-BDAC-E1E7-334932490E5B}"
EndProject
Project("{FAE04EC0-301F-11D3-BF4B-00C04F79EFBC}") = "Assembly-CSharp-Editor", "Assembly-CSharp-Editor.csproj", "{0666C5EC-AC20-29A7-1A97-3446D4940C77}"
EndProject
Global
	GlobalSection(SolutionConfigurationPlatforms) = preSolution
		Debug|Any CPU = Debug|Any CPU
		Release|Any CPU = Release|Any CPU
	EndGlobalSection
	GlobalSection(ProjectConfigurationPlatforms) = postSolution
		{88E568BB-B2A9-BF0B-2443-5858DA3EACA8}.Debug|Any CPU.ActiveCfg = Debug|Any CPU
		{88E568BB-B2A9-BF0B-2443-5858DA3EACA8}.Debug|Any CPU.Build.0 = Debug|Any CPU
		{88E568BB-B2A9-BF0B-2443-5858DA3EACA8}.Release|Any CPU.ActiveCfg = Release|Any CPU
		{88E568BB-B2A9-BF0B-2443-5858DA3EACA8}.Release|Any CPU.Build.0 = Release|Any CPU
		{06DEEF9C-5013-BDAC-E1E7-334932490E5B}.Debug|Any CPU.ActiveCfg = Debug|Any CPU
		{06DEEF9C-5013-BDAC-E1E7-334932490E5B}.Debug|Any CPU.Build.0 = Debug|Any CPU
		{06DEEF9C-5013-BDAC-E1E7-334932490E5B}.Release|Any CPU.ActiveCfg = Release|Any CPU
		{06DEEF9C-5013-BDAC-E1E7-334932490E5B}.Release|Any CPU.Build.0 = Release|Any CPU
		{0666C5EC-AC20-29A7-1A97-3446D4940C77}.Debug|Any CPU.ActiveCfg = Debug|Any CPU
		{0666C5EC-AC20-29A7-1A97-3446D4940C77}.Debug|Any CPU.Build.0 = Debug|Any CPU
		{0666C5EC-AC20-29A7-1A97-3446D4940C77}.Release|Any CPU.ActiveCfg = Release|Any CPU
		{0666C5EC-AC20-29A7-1A97-3446D4940C77}.Release|Any CPU.Build.0 = Release|Any CPU
	EndGlobalSection
	GlobalSection(SolutionProperties) = preSolution
		HideSolutionNode = FALSE
	EndGlobalSection
EndGlobal
