
Microsoft Visual Studio Solution File, Format Version 12.00
# Visual Studio for Mac
Project("{FAE04EC0-301F-11D3-BF4B-00C04F79EFBC}") = "OrbitronHT2", "Assembly-CSharp.csproj", "{82C0BB99-5EEF-08C9-55C9-B600415CE966}"
EndProject
Project("{FAE04EC0-301F-11D3-BF4B-00C04F79EFBC}") = "OrbitronHT2", "Assembly-CSharp-firstpass.csproj", "{7A040E82-F4F9-9528-E6D6-8E980EDE83B8}"
EndProject
Project("{FAE04EC0-301F-11D3-BF4B-00C04F79EFBC}") = "OrbitronHT2", "Assembly-CSharp-Editor.csproj", "{CCC80614-FB4D-9B4E-AE99-FBDB5D92337B}"
EndProject
Global
	GlobalSection(SolutionConfigurationPlatforms) = preSolution
		Debug|Any CPU = Debug|Any CPU
		Release|Any CPU = Release|Any CPU
	EndGlobalSection
	GlobalSection(ProjectConfigurationPlatforms) = postSolution
		{82C0BB99-5EEF-08C9-55C9-B600415CE966}.Debug|Any CPU.ActiveCfg = Debug|Any CPU
		{82C0BB99-5EEF-08C9-55C9-B600415CE966}.Debug|Any CPU.Build.0 = Debug|Any CPU
		{82C0BB99-5EEF-08C9-55C9-B600415CE966}.Release|Any CPU.ActiveCfg = Release|Any CPU
		{82C0BB99-5EEF-08C9-55C9-B600415CE966}.Release|Any CPU.Build.0 = Release|Any CPU
		{7A040E82-F4F9-9528-E6D6-8E980EDE83B8}.Debug|Any CPU.ActiveCfg = Debug|Any CPU
		{7A040E82-F4F9-9528-E6D6-8E980EDE83B8}.Debug|Any CPU.Build.0 = Debug|Any CPU
		{7A040E82-F4F9-9528-E6D6-8E980EDE83B8}.Release|Any CPU.ActiveCfg = Release|Any CPU
		{7A040E82-F4F9-9528-E6D6-8E980EDE83B8}.Release|Any CPU.Build.0 = Release|Any CPU
		{CCC80614-FB4D-9B4E-AE99-FBDB5D92337B}.Debug|Any CPU.ActiveCfg = Debug|Any CPU
		{CCC80614-FB4D-9B4E-AE99-FBDB5D92337B}.Debug|Any CPU.Build.0 = Debug|Any CPU
		{CCC80614-FB4D-9B4E-AE99-FBDB5D92337B}.Release|Any CPU.ActiveCfg = Release|Any CPU
		{CCC80614-FB4D-9B4E-AE99-FBDB5D92337B}.Release|Any CPU.Build.0 = Release|Any CPU
	EndGlobalSection
	GlobalSection(SolutionProperties) = preSolution
		HideSolutionNode = FALSE
	EndGlobalSection
EndGlobal
